
Microsoft Visual Studio Solution File, Format Version 12.00
# Visual Studio 15
VisualStudioVersion = 15.0.28307.421
MinimumVisualStudioVersion = 10.0.40219.1
Project("{2150E333-8FDC-42A3-9474-1A3956D46DE8}") = "src", "src", "{DD76C74E-C61F-4245-B75E-A1CBDF89F21D}"
EndProject
Project("{FAE04EC0-301F-11D3-BF4B-00C04F79EFBC}") = "Actio.Api", "src\Actio.Api\Actio.Api.csproj", "{9BE2130D-5915-4AA7-B1D0-D7B485253C77}"
EndProject
Project("{FAE04EC0-301F-11D3-BF4B-00C04F79EFBC}") = "Actio.Common", "src\Actio.Common\Actio.Common.csproj", "{7277E81D-10B1-4C43-8649-83F227872123}"
EndProject
Project("{FAE04EC0-301F-11D3-BF4B-00C04F79EFBC}") = "Actio.Services.Identity", "src\Actio.Services.Identity\Actio.Services.Identity.csproj", "{A4D99E86-5C1D-40BE-835B-757FB5032556}"
EndProject
Project("{FAE04EC0-301F-11D3-BF4B-00C04F79EFBC}") = "Actio.Services.Activities", "src\Actio.Services.Activities\Actio.Services.Activities.csproj", "{CCEF980F-B5EF-4908-909D-2B4436155961}"
EndProject
Global
	GlobalSection(SolutionProperties) = preSolution
		HideSolutionNode = FALSE
	EndGlobalSection
	GlobalSection(ExtensibilityGlobals) = postSolution
		SolutionGuid = {B0CE7C20-C530-42E5-9FA0-0ACAFBADC4EE}
	EndGlobalSection
	GlobalSection(SolutionConfigurationPlatforms) = preSolution
		Debug|Any CPU = Debug|Any CPU
		Debug|x64 = Debug|x64
		Debug|x86 = Debug|x86
		Release|Any CPU = Release|Any CPU
		Release|x64 = Release|x64
		Release|x86 = Release|x86
	EndGlobalSection
	GlobalSection(ProjectConfigurationPlatforms) = postSolution
		{9BE2130D-5915-4AA7-B1D0-D7B485253C77}.Debug|Any CPU.ActiveCfg = Debug|Any CPU
		{9BE2130D-5915-4AA7-B1D0-D7B485253C77}.Debug|Any CPU.Build.0 = Debug|Any CPU
		{9BE2130D-5915-4AA7-B1D0-D7B485253C77}.Debug|x64.ActiveCfg = Debug|Any CPU
		{9BE2130D-5915-4AA7-B1D0-D7B485253C77}.Debug|x64.Build.0 = Debug|Any CPU
		{9BE2130D-5915-4AA7-B1D0-D7B485253C77}.Debug|x86.ActiveCfg = Debug|Any CPU
		{9BE2130D-5915-4AA7-B1D0-D7B485253C77}.Debug|x86.Build.0 = Debug|Any CPU
		{9BE2130D-5915-4AA7-B1D0-D7B485253C77}.Release|Any CPU.ActiveCfg = Release|Any CPU
		{9BE2130D-5915-4AA7-B1D0-D7B485253C77}.Release|Any CPU.Build.0 = Release|Any CPU
		{9BE2130D-5915-4AA7-B1D0-D7B485253C77}.Release|x64.ActiveCfg = Release|Any CPU
		{9BE2130D-5915-4AA7-B1D0-D7B485253C77}.Release|x64.Build.0 = Release|Any CPU
		{9BE2130D-5915-4AA7-B1D0-D7B485253C77}.Release|x86.ActiveCfg = Release|Any CPU
		{9BE2130D-5915-4AA7-B1D0-D7B485253C77}.Release|x86.Build.0 = Release|Any CPU
		{7277E81D-10B1-4C43-8649-83F227872123}.Debug|Any CPU.ActiveCfg = Debug|Any CPU
		{7277E81D-10B1-4C43-8649-83F227872123}.Debug|Any CPU.Build.0 = Debug|Any CPU
		{7277E81D-10B1-4C43-8649-83F227872123}.Debug|x64.ActiveCfg = Debug|Any CPU
		{7277E81D-10B1-4C43-8649-83F227872123}.Debug|x64.Build.0 = Debug|Any CPU
		{7277E81D-10B1-4C43-8649-83F227872123}.Debug|x86.ActiveCfg = Debug|Any CPU
		{7277E81D-10B1-4C43-8649-83F227872123}.Debug|x86.Build.0 = Debug|Any CPU
		{7277E81D-10B1-4C43-8649-83F227872123}.Release|Any CPU.ActiveCfg = Release|Any CPU
		{7277E81D-10B1-4C43-8649-83F227872123}.Release|Any CPU.Build.0 = Release|Any CPU
		{7277E81D-10B1-4C43-8649-83F227872123}.Release|x64.ActiveCfg = Release|Any CPU
		{7277E81D-10B1-4C43-8649-83F227872123}.Release|x64.Build.0 = Release|Any CPU
		{7277E81D-10B1-4C43-8649-83F227872123}.Release|x86.ActiveCfg = Release|Any CPU
		{7277E81D-10B1-4C43-8649-83F227872123}.Release|x86.Build.0 = Release|Any CPU
		{A4D99E86-5C1D-40BE-835B-757FB5032556}.Debug|Any CPU.ActiveCfg = Debug|Any CPU
		{A4D99E86-5C1D-40BE-835B-757FB5032556}.Debug|Any CPU.Build.0 = Debug|Any CPU
		{A4D99E86-5C1D-40BE-835B-757FB5032556}.Debug|x64.ActiveCfg = Debug|Any CPU
		{A4D99E86-5C1D-40BE-835B-757FB5032556}.Debug|x64.Build.0 = Debug|Any CPU
		{A4D99E86-5C1D-40BE-835B-757FB5032556}.Debug|x86.ActiveCfg = Debug|Any CPU
		{A4D99E86-5C1D-40BE-835B-757FB5032556}.Debug|x86.Build.0 = Debug|Any CPU
		{A4D99E86-5C1D-40BE-835B-757FB5032556}.Release|Any CPU.ActiveCfg = Release|Any CPU
		{A4D99E86-5C1D-40BE-835B-757FB5032556}.Release|Any CPU.Build.0 = Release|Any CPU
		{A4D99E86-5C1D-40BE-835B-757FB5032556}.Release|x64.ActiveCfg = Release|Any CPU
		{A4D99E86-5C1D-40BE-835B-757FB5032556}.Release|x64.Build.0 = Release|Any CPU
		{A4D99E86-5C1D-40BE-835B-757FB5032556}.Release|x86.ActiveCfg = Release|Any CPU
		{A4D99E86-5C1D-40BE-835B-757FB5032556}.Release|x86.Build.0 = Release|Any CPU
		{CCEF980F-B5EF-4908-909D-2B4436155961}.Debug|Any CPU.ActiveCfg = Debug|Any CPU
		{CCEF980F-B5EF-4908-909D-2B4436155961}.Debug|Any CPU.Build.0 = Debug|Any CPU
		{CCEF980F-B5EF-4908-909D-2B4436155961}.Debug|x64.ActiveCfg = Debug|Any CPU
		{CCEF980F-B5EF-4908-909D-2B4436155961}.Debug|x64.Build.0 = Debug|Any CPU
		{CCEF980F-B5EF-4908-909D-2B4436155961}.Debug|x86.ActiveCfg = Debug|Any CPU
		{CCEF980F-B5EF-4908-909D-2B4436155961}.Debug|x86.Build.0 = Debug|Any CPU
		{CCEF980F-B5EF-4908-909D-2B4436155961}.Release|Any CPU.ActiveCfg = Release|Any CPU
		{CCEF980F-B5EF-4908-909D-2B4436155961}.Release|Any CPU.Build.0 = Release|Any CPU
		{CCEF980F-B5EF-4908-909D-2B4436155961}.Release|x64.ActiveCfg = Release|Any CPU
		{CCEF980F-B5EF-4908-909D-2B4436155961}.Release|x64.Build.0 = Release|Any CPU
		{CCEF980F-B5EF-4908-909D-2B4436155961}.Release|x86.ActiveCfg = Release|Any CPU
		{CCEF980F-B5EF-4908-909D-2B4436155961}.Release|x86.Build.0 = Release|Any CPU
	EndGlobalSection
	GlobalSection(NestedProjects) = preSolution
		{9BE2130D-5915-4AA7-B1D0-D7B485253C77} = {DD76C74E-C61F-4245-B75E-A1CBDF89F21D}
		{7277E81D-10B1-4C43-8649-83F227872123} = {DD76C74E-C61F-4245-B75E-A1CBDF89F21D}
		{A4D99E86-5C1D-40BE-835B-757FB5032556} = {DD76C74E-C61F-4245-B75E-A1CBDF89F21D}
		{CCEF980F-B5EF-4908-909D-2B4436155961} = {DD76C74E-C61F-4245-B75E-A1CBDF89F21D}
	EndGlobalSection
EndGlobal
